
Microsoft Visual Studio Solution File, Format Version 12.00
# Visual Studio Version 16
VisualStudioVersion = 16.0.31025.194
MinimumVisualStudioVersion = 10.0.40219.1
Project("{9A19103F-16F7-4668-BE54-9A1E7A4F7556}") = "ProductsAPISampleGenerator", "productsAPIClient\ProductsAPISampleGenerator.csproj", "{58948965-0454-45C0-AE42-BE19CCEDAF96}"
EndProject
Global
	GlobalSection(SolutionConfigurationPlatforms) = preSolution
		Debug|Any CPU = Debug|Any CPU
		Release|Any CPU = Release|Any CPU
	EndGlobalSection
	GlobalSection(ProjectConfigurationPlatforms) = postSolution
		{58948965-0454-45C0-AE42-BE19CCEDAF96}.Debug|Any CPU.ActiveCfg = Debug|Any CPU
		{58948965-0454-45C0-AE42-BE19CCEDAF96}.Debug|Any CPU.Build.0 = Debug|Any CPU
		{58948965-0454-45C0-AE42-BE19CCEDAF96}.Release|Any CPU.ActiveCfg = Release|Any CPU
		{58948965-0454-45C0-AE42-BE19CCEDAF96}.Release|Any CPU.Build.0 = Release|Any CPU
	EndGlobalSection
	GlobalSection(SolutionProperties) = preSolution
		HideSolutionNode = FALSE
	EndGlobalSection
	GlobalSection(ExtensibilityGlobals) = postSolution
		SolutionGuid = {F5ECF561-AF9C-46B4-B7D8-36323DC23456}
	EndGlobalSection
EndGlobal
